
Microsoft Visual Studio Solution File, Format Version 12.00
# Visual Studio Version 16
VisualStudioVersion = 16.0.29926.136
MinimumVisualStudioVersion = 10.0.40219.1
Project("{FAE04EC0-301F-11D3-BF4B-00C04F79EFBC}") = "Funciones.Parcial", "Funciones.Parcial\Funciones.Parcial.csproj", "{147BC7DD-E67F-42EE-8910-94EC20EADB95}"
EndProject
Global
	GlobalSection(SolutionConfigurationPlatforms) = preSolution
		Debug|Any CPU = Debug|Any CPU
		Release|Any CPU = Release|Any CPU
	EndGlobalSection
	GlobalSection(ProjectConfigurationPlatforms) = postSolution
		{147BC7DD-E67F-42EE-8910-94EC20EADB95}.Debug|Any CPU.ActiveCfg = Debug|Any CPU
		{147BC7DD-E67F-42EE-8910-94EC20EADB95}.Debug|Any CPU.Build.0 = Debug|Any CPU
		{147BC7DD-E67F-42EE-8910-94EC20EADB95}.Release|Any CPU.ActiveCfg = Release|Any CPU
		{147BC7DD-E67F-42EE-8910-94EC20EADB95}.Release|Any CPU.Build.0 = Release|Any CPU
	EndGlobalSection
	GlobalSection(SolutionProperties) = preSolution
		HideSolutionNode = FALSE
	EndGlobalSection
	GlobalSection(ExtensibilityGlobals) = postSolution
		SolutionGuid = {53591846-F911-46FC-A4B7-FBD5EDABDEE1}
	EndGlobalSection
EndGlobal
